// !$*UTF8*$!
{
	archiveVersion = 1;
	classes = {
	};
	objectVersion = 50;
	objects = {

/* Begin PBXBuildFile section */
		DF26F61A23D27F4E00A504B6 /* AppDelegate.swift in Sources */ = {isa = PBXBuildFile; fileRef = DF26F61923D27F4E00A504B6 /* AppDelegate.swift */; };
		DF26F61C23D27F4E00A504B6 /* SceneDelegate.swift in Sources */ = {isa = PBXBuildFile; fileRef = DF26F61B23D27F4E00A504B6 /* SceneDelegate.swift */; };
		DF26F61E23D27F4E00A504B6 /* ViewController.swift in Sources */ = {isa = PBXBuildFile; fileRef = DF26F61D23D27F4E00A504B6 /* ViewController.swift */; };
		DF26F62123D27F4E00A504B6 /* Main.storyboard in Resources */ = {isa = PBXBuildFile; fileRef = DF26F61F23D27F4E00A504B6 /* Main.storyboard */; };
		DF26F62323D27F4F00A504B6 /* Assets.xcassets in Resources */ = {isa = PBXBuildFile; fileRef = DF26F62223D27F4F00A504B6 /* Assets.xcassets */; };
		DF26F62623D27F4F00A504B6 /* LaunchScreen.storyboard in Resources */ = {isa = PBXBuildFile; fileRef = DF26F62423D27F4F00A504B6 /* LaunchScreen.storyboard */; };
		DF26F63123D280BE00A504B6 /* dark_background.pdf in Resources */ = {isa = PBXBuildFile; fileRef = DF26F63023D280BE00A504B6 /* dark_background.pdf */; };
		DF26F63323D280C400A504B6 /* light_background.pdf in Resources */ = {isa = PBXBuildFile; fileRef = DF26F63223D280C400A504B6 /* light_background.pdf */; };
		DF26F66823DF84E200A504B6 /* WeatherManager.swift in Sources */ = {isa = PBXBuildFile; fileRef = DF26F66723DF84E200A504B6 /* WeatherManager.swift */; };
		DF26F66A23DFA1EB00A504B6 /* WeatherData.swift in Sources */ = {isa = PBXBuildFile; fileRef = DF26F66923DFA1EB00A504B6 /* WeatherData.swift */; };
		DF26F66C23DFAD5C00A504B6 /* WeatherModel.swift in Sources */ = {isa = PBXBuildFile; fileRef = DF26F66B23DFAD5C00A504B6 /* WeatherModel.swift */; };
/* End PBXBuildFile section */

/* Begin PBXFileReference section */
		DF26F61623D27F4E00A504B6 /* ElClima.app */ = {isa = PBXFileReference; explicitFileType = wrapper.application; includeInIndex = 0; path = ElClima.app; sourceTree = BUILT_PRODUCTS_DIR; };
		DF26F61923D27F4E00A504B6 /* AppDelegate.swift */ = {isa = PBXFileReference; lastKnownFileType = sourcecode.swift; path = AppDelegate.swift; sourceTree = "<group>"; };
		DF26F61B23D27F4E00A504B6 /* SceneDelegate.swift */ = {isa = PBXFileReference; lastKnownFileType = sourcecode.swift; path = SceneDelegate.swift; sourceTree = "<group>"; };
		DF26F61D23D27F4E00A504B6 /* ViewController.swift */ = {isa = PBXFileReference; lastKnownFileType = sourcecode.swift; path = ViewController.swift; sourceTree = "<group>"; };
		DF26F62023D27F4E00A504B6 /* Base */ = {isa = PBXFileReference; lastKnownFileType = file.storyboard; name = Base; path = Base.lproj/Main.storyboard; sourceTree = "<group>"; };
		DF26F62223D27F4F00A504B6 /* Assets.xcassets */ = {isa = PBXFileReference; lastKnownFileType = folder.assetcatalog; path = Assets.xcassets; sourceTree = "<group>"; };
		DF26F62523D27F4F00A504B6 /* Base */ = {isa = PBXFileReference; lastKnownFileType = file.storyboard; name = Base; path = Base.lproj/LaunchScreen.storyboard; sourceTree = "<group>"; };
		DF26F62723D27F4F00A504B6 /* Info.plist */ = {isa = PBXFileReference; lastKnownFileType = text.plist.xml; path = Info.plist; sourceTree = "<group>"; };
		DF26F63023D280BE00A504B6 /* dark_background.pdf */ = {isa = PBXFileReference; lastKnownFileType = image.pdf; name = dark_background.pdf; path = ../../../dark_background.pdf; sourceTree = "<group>"; };
		DF26F63223D280C400A504B6 /* light_background.pdf */ = {isa = PBXFileReference; lastKnownFileType = image.pdf; name = light_background.pdf; path = ../../../light_background.pdf; sourceTree = "<group>"; };
		DF26F66723DF84E200A504B6 /* WeatherManager.swift */ = {isa = PBXFileReference; lastKnownFileType = sourcecode.swift; path = WeatherManager.swift; sourceTree = "<group>"; };
		DF26F66923DFA1EB00A504B6 /* WeatherData.swift */ = {isa = PBXFileReference; lastKnownFileType = sourcecode.swift; path = WeatherData.swift; sourceTree = "<group>"; };
		DF26F66B23DFAD5C00A504B6 /* WeatherModel.swift */ = {isa = PBXFileReference; lastKnownFileType = sourcecode.swift; path = WeatherModel.swift; sourceTree = "<group>"; };
/* End PBXFileReference section */

/* Begin PBXFrameworksBuildPhase section */
		DF26F61323D27F4E00A504B6 /* Frameworks */ = {
			isa = PBXFrameworksBuildPhase;
			buildActionMask = 2147483647;
			files = (
			);
			runOnlyForDeploymentPostprocessing = 0;
		};
/* End PBXFrameworksBuildPhase section */

/* Begin PBXGroup section */
		DF26F60D23D27F4E00A504B6 = {
			isa = PBXGroup;
			children = (
				DF26F61823D27F4E00A504B6 /* ElClima */,
				DF26F61723D27F4E00A504B6 /* Products */,
			);
			sourceTree = "<group>";
		};
		DF26F61723D27F4E00A504B6 /* Products */ = {
			isa = PBXGroup;
			children = (
				DF26F61623D27F4E00A504B6 /* ElClima.app */,
			);
			name = Products;
			sourceTree = "<group>";
		};
		DF26F61823D27F4E00A504B6 /* ElClima */ = {
			isa = PBXGroup;
			children = (
				DF26F61923D27F4E00A504B6 /* AppDelegate.swift */,
				DF26F61B23D27F4E00A504B6 /* SceneDelegate.swift */,
				DF26F62D23D27F7A00A504B6 /* Model */,
				DF26F62E23D27F8100A504B6 /* View */,
				DF26F61F23D27F4E00A504B6 /* Main.storyboard */,
				DF26F62F23D27F9A00A504B6 /* Controller */,
				DF26F62223D27F4F00A504B6 /* Assets.xcassets */,
				DF26F62423D27F4F00A504B6 /* LaunchScreen.storyboard */,
				DF26F62723D27F4F00A504B6 /* Info.plist */,
				DF26F63023D280BE00A504B6 /* dark_background.pdf */,
				DF26F63223D280C400A504B6 /* light_background.pdf */,
			);
			path = ElClima;
			sourceTree = "<group>";
		};
		DF26F62D23D27F7A00A504B6 /* Model */ = {
			isa = PBXGroup;
			children = (
				DF26F66723DF84E200A504B6 /* WeatherManager.swift */,
				DF26F66923DFA1EB00A504B6 /* WeatherData.swift */,
				DF26F66B23DFAD5C00A504B6 /* WeatherModel.swift */,
			);
			path = Model;
			sourceTree = "<group>";
		};
		DF26F62E23D27F8100A504B6 /* View */ = {
			isa = PBXGroup;
			children = (
			);
			path = View;
			sourceTree = "<group>";
		};
		DF26F62F23D27F9A00A504B6 /* Controller */ = {
			isa = PBXGroup;
			children = (
				DF26F61D23D27F4E00A504B6 /* ViewController.swift */,
			);
			path = Controller;
			sourceTree = "<group>";
		};
/* End PBXGroup section */

/* Begin PBXNativeTarget section */
		DF26F61523D27F4E00A504B6 /* ElClima */ = {
			isa = PBXNativeTarget;
			buildConfigurationList = DF26F62A23D27F4F00A504B6 /* Build configuration list for PBXNativeTarget "ElClima" */;
			buildPhases = (
				DF26F61223D27F4E00A504B6 /* Sources */,
				DF26F61323D27F4E00A504B6 /* Frameworks */,
				DF26F61423D27F4E00A504B6 /* Resources */,
			);
			buildRules = (
			);
			dependencies = (
			);
			name = ElClima;
			productName = ElClima;
			productReference = DF26F61623D27F4E00A504B6 /* ElClima.app */;
			productType = "com.apple.product-type.application";
		};
/* End PBXNativeTarget section */

/* Begin PBXProject section */
		DF26F60E23D27F4E00A504B6 /* Project object */ = {
			isa = PBXProject;
			attributes = {
				LastSwiftUpdateCheck = 1130;
				LastUpgradeCheck = 1130;
				ORGANIZATIONNAME = "Francisco Hernandez";
				TargetAttributes = {
					DF26F61523D27F4E00A504B6 = {
						CreatedOnToolsVersion = 11.3.1;
					};
				};
			};
			buildConfigurationList = DF26F61123D27F4E00A504B6 /* Build configuration list for PBXProject "ElClima" */;
			compatibilityVersion = "Xcode 9.3";
			developmentRegion = en;
			hasScannedForEncodings = 0;
			knownRegions = (
				en,
				Base,
			);
			mainGroup = DF26F60D23D27F4E00A504B6;
			productRefGroup = DF26F61723D27F4E00A504B6 /* Products */;
			projectDirPath = "";
			projectRoot = "";
			targets = (
				DF26F61523D27F4E00A504B6 /* ElClima */,
			);
		};
/* End PBXProject section */

/* Begin PBXResourcesBuildPhase section */
		DF26F61423D27F4E00A504B6 /* Resources */ = {
			isa = PBXResourcesBuildPhase;
			buildActionMask = 2147483647;
			files = (
				DF26F63323D280C400A504B6 /* light_background.pdf in Resources */,
				DF26F63123D280BE00A504B6 /* dark_background.pdf in Resources */,
				DF26F62623D27F4F00A504B6 /* LaunchScreen.storyboard in Resources */,
				DF26F62323D27F4F00A504B6 /* Assets.xcassets in Resources */,
				DF26F62123D27F4E00A504B6 /* Main.storyboard in Resources */,
			);
			runOnlyForDeploymentPostprocessing = 0;
		};
/* End PBXResourcesBuildPhase section */

/* Begin PBXSourcesBuildPhase section */
		DF26F61223D27F4E00A504B6 /* Sources */ = {
			isa = PBXSourcesBuildPhase;
			buildActionMask = 2147483647;
			files = (
				DF26F61E23D27F4E00A504B6 /* ViewController.swift in Sources */,
				DF26F66A23DFA1EB00A504B6 /* WeatherData.swift in Sources */,
				DF26F61A23D27F4E00A504B6 /* AppDelegate.swift in Sources */,
				DF26F66823DF84E200A504B6 /* WeatherManager.swift in Sources */,
				DF26F66C23DFAD5C00A504B6 /* WeatherModel.swift in Sources */,
				DF26F61C23D27F4E00A504B6 /* SceneDelegate.swift in Sources */,
			);
			runOnlyForDeploymentPostprocessing = 0;
		};
/* End PBXSourcesBuildPhase section */

/* Begin PBXVariantGroup section */
		DF26F61F23D27F4E00A504B6 /* Main.storyboard */ = {
			isa = PBXVariantGroup;
			children = (
				DF26F62023D27F4E00A504B6 /* Base */,
			);
			name = Main.storyboard;
			sourceTree = "<group>";
		};
		DF26F62423D27F4F00A504B6 /* LaunchScreen.storyboard */ = {
			isa = PBXVariantGroup;
			children = (
				DF26F62523D27F4F00A504B6 /* Base */,
			);
			name = LaunchScreen.storyboard;
			sourceTree = "<group>";
		};
/* End PBXVariantGroup section */

/* Begin XCBuildConfiguration section */
		DF26F62823D27F4F00A504B6 /* Debug */ = {
			isa = XCBuildConfiguration;
			buildSettings = {
				ALWAYS_SEARCH_USER_PATHS = NO;
				CLANG_ANALYZER_NONNULL = YES;
				CLANG_ANALYZER_NUMBER_OBJECT_CONVERSION = YES_AGGRESSIVE;
				CLANG_CXX_LANGUAGE_STANDARD = "gnu++14";
				CLANG_CXX_LIBRARY = "libc++";
				CLANG_ENABLE_MODULES = YES;
				CLANG_ENABLE_OBJC_ARC = YES;
				CLANG_ENABLE_OBJC_WEAK = YES;
				CLANG_WARN_BLOCK_CAPTURE_AUTORELEASING = YES;
				CLANG_WARN_BOOL_CONVERSION = YES;
				CLANG_WARN_COMMA = YES;
				CLANG_WARN_CONSTANT_CONVERSION = YES;
				CLANG_WARN_DEPRECATED_OBJC_IMPLEMENTATIONS = YES;
				CLANG_WARN_DIRECT_OBJC_ISA_USAGE = YES_ERROR;
				CLANG_WARN_DOCUMENTATION_COMMENTS = YES;
				CLANG_WARN_EMPTY_BODY = YES;
				CLANG_WARN_ENUM_CONVERSION = YES;
				CLANG_WARN_INFINITE_RECURSION = YES;
				CLANG_WARN_INT_CONVERSION = YES;
				CLANG_WARN_NON_LITERAL_NULL_CONVERSION = YES;
				CLANG_WARN_OBJC_IMPLICIT_RETAIN_SELF = YES;
				CLANG_WARN_OBJC_LITERAL_CONVERSION = YES;
				CLANG_WARN_OBJC_ROOT_CLASS = YES_ERROR;
				CLANG_WARN_RANGE_LOOP_ANALYSIS = YES;
				CLANG_WARN_STRICT_PROTOTYPES = YES;
				CLANG_WARN_SUSPICIOUS_MOVE = YES;
				CLANG_WARN_UNGUARDED_AVAILABILITY = YES_AGGRESSIVE;
				CLANG_WARN_UNREACHABLE_CODE = YES;
				CLANG_WARN__DUPLICATE_METHOD_MATCH = YES;
				COPY_PHASE_STRIP = NO;
				DEBUG_INFORMATION_FORMAT = dwarf;
				ENABLE_STRICT_OBJC_MSGSEND = YES;
				ENABLE_TESTABILITY = YES;
				GCC_C_LANGUAGE_STANDARD = gnu11;
				GCC_DYNAMIC_NO_PIC = NO;
				GCC_NO_COMMON_BLOCKS = YES;
				GCC_OPTIMIZATION_LEVEL = 0;
				GCC_PREPROCESSOR_DEFINITIONS = (
					"DEBUG=1",
					"$(inherited)",
				);
				GCC_WARN_64_TO_32_BIT_CONVERSION = YES;
				GCC_WARN_ABOUT_RETURN_TYPE = YES_ERROR;
				GCC_WARN_UNDECLARED_SELECTOR = YES;
				GCC_WARN_UNINITIALIZED_AUTOS = YES_AGGRESSIVE;
				GCC_WARN_UNUSED_FUNCTION = YES;
				GCC_WARN_UNUSED_VARIABLE = YES;
				IPHONEOS_DEPLOYMENT_TARGET = 13.2;
				MTL_ENABLE_DEBUG_INFO = INCLUDE_SOURCE;
				MTL_FAST_MATH = YES;
				ONLY_ACTIVE_ARCH = YES;
				SDKROOT = iphoneos;
				SWIFT_ACTIVE_COMPILATION_CONDITIONS = DEBUG;
				SWIFT_OPTIMIZATION_LEVEL = "-Onone";
			};
			name = Debug;
		};
		DF26F62923D27F4F00A504B6 /* Release */ = {
			isa = XCBuildConfiguration;
			buildSettings = {
				ALWAYS_SEARCH_USER_PATHS = NO;
				CLANG_ANALYZER_NONNULL = YES;
				CLANG_ANALYZER_NUMBER_OBJECT_CONVERSION = YES_AGGRESSIVE;
				CLANG_CXX_LANGUAGE_STANDARD = "gnu++14";
				CLANG_CXX_LIBRARY = "libc++";
				CLANG_ENABLE_MODULES = YES;
				CLANG_ENABLE_OBJC_ARC = YES;
				CLANG_ENABLE_OBJC_WEAK = YES;
				CLANG_WARN_BLOCK_CAPTURE_AUTORELEASING = YES;
				CLANG_WARN_BOOL_CONVERSION = YES;
				CLANG_WARN_COMMA = YES;
				CLANG_WARN_CONSTANT_CONVERSION = YES;
				CLANG_WARN_DEPRECATED_OBJC_IMPLEMENTATIONS = YES;
				CLANG_WARN_DIRECT_OBJC_ISA_USAGE = YES_ERROR;
				CLANG_WARN_DOCUMENTATION_COMMENTS = YES;
				CLANG_WARN_EMPTY_BODY = YES;
				CLANG_WARN_ENUM_CONVERSION = YES;
				CLANG_WARN_INFINITE_RECURSION = YES;
				CLANG_WARN_INT_CONVERSION = YES;
				CLANG_WARN_NON_LITERAL_NULL_CONVERSION = YES;
				CLANG_WARN_OBJC_IMPLICIT_RETAIN_SELF = YES;
				CLANG_WARN_OBJC_LITERAL_CONVERSION = YES;
				CLANG_WARN_OBJC_ROOT_CLASS = YES_ERROR;
				CLANG_WARN_RANGE_LOOP_ANALYSIS = YES;
				CLANG_WARN_STRICT_PROTOTYPES = YES;
				CLANG_WARN_SUSPICIOUS_MOVE = YES;
				CLANG_WARN_UNGUARDED_AVAILABILITY = YES_AGGRESSIVE;
				CLANG_WARN_UNREACHABLE_CODE = YES;
				CLANG_WARN__DUPLICATE_METHOD_MATCH = YES;
				COPY_PHASE_STRIP = NO;
				DEBUG_INFORMATION_FORMAT = "dwarf-with-dsym";
				ENABLE_NS_ASSERTIONS = NO;
				ENABLE_STRICT_OBJC_MSGSEND = YES;
				GCC_C_LANGUAGE_STANDARD = gnu11;
				GCC_NO_COMMON_BLOCKS = YES;
				GCC_WARN_64_TO_32_BIT_CONVERSION = YES;
				GCC_WARN_ABOUT_RETURN_TYPE = YES_ERROR;
				GCC_WARN_UNDECLARED_SELECTOR = YES;
				GCC_WARN_UNINITIALIZED_AUTOS = YES_AGGRESSIVE;
				GCC_WARN_UNUSED_FUNCTION = YES;
				GCC_WARN_UNUSED_VARIABLE = YES;
				IPHONEOS_DEPLOYMENT_TARGET = 13.2;
				MTL_ENABLE_DEBUG_INFO = NO;
				MTL_FAST_MATH = YES;
				SDKROOT = iphoneos;
				SWIFT_COMPILATION_MODE = wholemodule;
				SWIFT_OPTIMIZATION_LEVEL = "-O";
				VALIDATE_PRODUCT = YES;
			};
			name = Release;
		};
		DF26F62B23D27F4F00A504B6 /* Debug */ = {
			isa = XCBuildConfiguration;
			buildSettings = {
				ASSETCATALOG_COMPILER_APPICON_NAME = AppIcon;
				CODE_SIGN_STYLE = Automatic;
				DEVELOPMENT_TEAM = 84Y94U66TP;
				INFOPLIST_FILE = ElClima/Info.plist;
				LD_RUNPATH_SEARCH_PATHS = (
					"$(inherited)",
					"@executable_path/Frameworks",
				);
				PRODUCT_BUNDLE_IDENTIFIER = com.franciscoh.ElClima;
				PRODUCT_NAME = "$(TARGET_NAME)";
				SWIFT_VERSION = 5.0;
				TARGETED_DEVICE_FAMILY = "1,2";
			};
			name = Debug;
		};
		DF26F62C23D27F4F00A504B6 /* Release */ = {
			isa = XCBuildConfiguration;
			buildSettings = {
				ASSETCATALOG_COMPILER_APPICON_NAME = AppIcon;
				CODE_SIGN_STYLE = Automatic;
				DEVELOPMENT_TEAM = 84Y94U66TP;
				INFOPLIST_FILE = ElClima/Info.plist;
				LD_RUNPATH_SEARCH_PATHS = (
					"$(inherited)",
					"@executable_path/Frameworks",
				);
				PRODUCT_BUNDLE_IDENTIFIER = com.franciscoh.ElClima;
				PRODUCT_NAME = "$(TARGET_NAME)";
				SWIFT_VERSION = 5.0;
				TARGETED_DEVICE_FAMILY = "1,2";
			};
			name = Release;
		};
/* End XCBuildConfiguration section */

/* Begin XCConfigurationList section */
		DF26F61123D27F4E00A504B6 /* Build configuration list for PBXProject "ElClima" */ = {
			isa = XCConfigurationList;
			buildConfigurations = (
				DF26F62823D27F4F00A504B6 /* Debug */,
				DF26F62923D27F4F00A504B6 /* Release */,
			);
			defaultConfigurationIsVisible = 0;
			defaultConfigurationName = Release;
		};
		DF26F62A23D27F4F00A504B6 /* Build configuration list for PBXNativeTarget "ElClima" */ = {
			isa = XCConfigurationList;
			buildConfigurations = (
				DF26F62B23D27F4F00A504B6 /* Debug */,
				DF26F62C23D27F4F00A504B6 /* Release */,
			);
			defaultConfigurationIsVisible = 0;
			defaultConfigurationName = Release;
		};
/* End XCConfigurationList section */
	};
	rootObject = DF26F60E23D27F4E00A504B6 /* Project object */;
}
